
Microsoft Visual Studio Solution File, Format Version 12.00
# Visual Studio Version 16
VisualStudioVersion = 16.0.29519.87
MinimumVisualStudioVersion = 10.0.40219.1
Project("{159641D6-6404-4A2A-AE62-294DE0FE8301}") = "DWH Integration Services Project HTW 2019", "DWH Integration Services Project HTW 2019\DWH Integration Services Project HTW 2019.dtproj", "{EF81E1BD-281C-4545-BEB9-40AC2ED9F0D3}"
EndProject
Global
	GlobalSection(SolutionConfigurationPlatforms) = preSolution
		Development|Default = Development|Default
	EndGlobalSection
	GlobalSection(ProjectConfigurationPlatforms) = postSolution
		{EF81E1BD-281C-4545-BEB9-40AC2ED9F0D3}.Development|Default.ActiveCfg = Development
		{EF81E1BD-281C-4545-BEB9-40AC2ED9F0D3}.Development|Default.Build.0 = Development
	EndGlobalSection
	GlobalSection(SolutionProperties) = preSolution
		HideSolutionNode = FALSE
	EndGlobalSection
	GlobalSection(ExtensibilityGlobals) = postSolution
		SolutionGuid = {1E1EF5C4-ABA4-4834-9120-B93899C2EEF8}
	EndGlobalSection
EndGlobal
